// !$*UTF8*$!
{
	archiveVersion = 1;
	classes = {
	};
	objectVersion = 50;
	objects = {

/* Begin PBXBuildFile section */
		480638952482954B006F7F00 /* URLExtensions.swift in Sources */ = {isa = PBXBuildFile; fileRef = 480638942482954B006F7F00 /* URLExtensions.swift */; };
		480638992482A145006F7F00 /* RequestTests.swift in Sources */ = {isa = PBXBuildFile; fileRef = 480638982482A145006F7F00 /* RequestTests.swift */; };
		4806389B2482AB63006F7F00 /* Pins.swift in Sources */ = {isa = PBXBuildFile; fileRef = 4806389A2482AB63006F7F00 /* Pins.swift */; };
		480638A02482B222006F7F00 /* pin.json in Resources */ = {isa = PBXBuildFile; fileRef = 4806389E2482B222006F7F00 /* pin.json */; };
		480638A12482B222006F7F00 /* pin_no_id.json in Resources */ = {isa = PBXBuildFile; fileRef = 4806389F2482B222006F7F00 /* pin_no_id.json */; };
		480638A32482B394006F7F00 /* Account.swift in Sources */ = {isa = PBXBuildFile; fileRef = 480638A22482B394006F7F00 /* Account.swift */; };
		480638A52482B547006F7F00 /* PlexUser.swift in Sources */ = {isa = PBXBuildFile; fileRef = 480638A42482B547006F7F00 /* PlexUser.swift */; };
		480638A72482B642006F7F00 /* HomeUsers.swift in Sources */ = {isa = PBXBuildFile; fileRef = 480638A62482B642006F7F00 /* HomeUsers.swift */; };
		480638A92482B780006F7F00 /* home_users.json in Resources */ = {isa = PBXBuildFile; fileRef = 480638A82482B780006F7F00 /* home_users.json */; };
		480638AD2482BA8E006F7F00 /* PlexResource.swift in Sources */ = {isa = PBXBuildFile; fileRef = 480638AC2482BA8E006F7F00 /* PlexResource.swift */; };
		480638AF2482BAD8006F7F00 /* PlexMediaItem.swift in Sources */ = {isa = PBXBuildFile; fileRef = 480638AE2482BAD8006F7F00 /* PlexMediaItem.swift */; };
		480638B12482BB95006F7F00 /* SwitchUser.swift in Sources */ = {isa = PBXBuildFile; fileRef = 480638B02482BB95006F7F00 /* SwitchUser.swift */; };
		480638B32482C160006F7F00 /* PlexLibrary.swift in Sources */ = {isa = PBXBuildFile; fileRef = 480638B22482C160006F7F00 /* PlexLibrary.swift */; };
		480638B52482C25B006F7F00 /* RelatedMedia.swift in Sources */ = {isa = PBXBuildFile; fileRef = 480638B42482C25B006F7F00 /* RelatedMedia.swift */; };
		480638B72482C3C0006F7F00 /* similar_artists.json in Resources */ = {isa = PBXBuildFile; fileRef = 480638B62482C3C0006F7F00 /* similar_artists.json */; };
		480638B92482C6C3006F7F00 /* Image.swift in Sources */ = {isa = PBXBuildFile; fileRef = 480638B82482C6C3006F7F00 /* Image.swift */; };
		480638BB2482C7CB006F7F00 /* TranscodeImage.swift in Sources */ = {isa = PBXBuildFile; fileRef = 480638BA2482C7CB006F7F00 /* TranscodeImage.swift */; };
		480638BD24835E7F006F7F00 /* MediaFile.swift in Sources */ = {isa = PBXBuildFile; fileRef = 480638BC24835E7F006F7F00 /* MediaFile.swift */; };
		480638BF24836131006F7F00 /* movie.json in Resources */ = {isa = PBXBuildFile; fileRef = 480638BE24836131006F7F00 /* movie.json */; };
		480638C1248369FD006F7F00 /* season.json in Resources */ = {isa = PBXBuildFile; fileRef = 480638C0248369FD006F7F00 /* season.json */; };
		480638C324836B60006F7F00 /* show.json in Resources */ = {isa = PBXBuildFile; fileRef = 480638C224836B60006F7F00 /* show.json */; };
		480638C524836D5D006F7F00 /* episode.json in Resources */ = {isa = PBXBuildFile; fileRef = 480638C424836D5D006F7F00 /* episode.json */; };
		480638C924836F59006F7F00 /* EditRating.swift in Sources */ = {isa = PBXBuildFile; fileRef = 480638C824836F59006F7F00 /* EditRating.swift */; };
		480638CE248379DE006F7F00 /* ComparableExtensions.swift in Sources */ = {isa = PBXBuildFile; fileRef = 480638CD248379DE006F7F00 /* ComparableExtensions.swift */; };
		480638D024837CA4006F7F00 /* Timeline.swift in Sources */ = {isa = PBXBuildFile; fileRef = 480638CF24837CA4006F7F00 /* Timeline.swift */; };
		480638D22483850F006F7F00 /* TranscodeAudio.swift in Sources */ = {isa = PBXBuildFile; fileRef = 480638D12483850F006F7F00 /* TranscodeAudio.swift */; };
		4820CC9F2484F05D00E2083A /* ServiceTests.swift in Sources */ = {isa = PBXBuildFile; fileRef = 4854D18C24815FDE00132EEF /* ServiceTests.swift */; };
		4820CCA124852DFF00E2083A /* Playlists.swift in Sources */ = {isa = PBXBuildFile; fileRef = 4820CCA024852DFF00E2083A /* Playlists.swift */; };
		4820CCA32485306700E2083A /* PlexPlaylistType.swift in Sources */ = {isa = PBXBuildFile; fileRef = 4820CCA22485306700E2083A /* PlexPlaylistType.swift */; };
		4820CCA5248539C300E2083A /* PlaylistItems.swift in Sources */ = {isa = PBXBuildFile; fileRef = 4820CCA4248539C300E2083A /* PlaylistItems.swift */; };
		4820CCA724853DFE00E2083A /* PlexRequest.swift in Sources */ = {isa = PBXBuildFile; fileRef = 4820CCA624853DFE00E2083A /* PlexRequest.swift */; };
		4820CCA924853E7D00E2083A /* Collections.swift in Sources */ = {isa = PBXBuildFile; fileRef = 4820CCA824853E7D00E2083A /* Collections.swift */; };
		4820CCAB24853FDA00E2083A /* PlexCollection.swift in Sources */ = {isa = PBXBuildFile; fileRef = 4820CCAA24853FDA00E2083A /* PlexCollection.swift */; };
		4820CCAD2485422600E2083A /* ItemMetadata.swift in Sources */ = {isa = PBXBuildFile; fileRef = 4820CCAC2485422600E2083A /* ItemMetadata.swift */; };
		4854D17F2481391000132EEF /* Util.swift in Sources */ = {isa = PBXBuildFile; fileRef = 4854D17E2481391000132EEF /* Util.swift */; };
		4854D18124813A0C00132EEF /* library.json in Resources */ = {isa = PBXBuildFile; fileRef = 4854D18024813A0C00132EEF /* library.json */; };
		4854D1842481465800132EEF /* Resources.swift in Sources */ = {isa = PBXBuildFile; fileRef = 4854D1832481465800132EEF /* Resources.swift */; };
		4854D187248148A000132EEF /* URLQueryItemExtensions.swift in Sources */ = {isa = PBXBuildFile; fileRef = 4854D186248148A000132EEF /* URLQueryItemExtensions.swift */; };
		4854D18924814CA700132EEF /* resources.json in Resources */ = {isa = PBXBuildFile; fileRef = 4854D18824814CA700132EEF /* resources.json */; };
		4854D18B24815BA800132EEF /* SimpleAuthentication.swift in Sources */ = {isa = PBXBuildFile; fileRef = 4854D18A24815BA800132EEF /* SimpleAuthentication.swift */; };
		48552B6C247D26C500CFC029 /* PlexKit.framework in Frameworks */ = {isa = PBXBuildFile; fileRef = 48552B62247D26C500CFC029 /* PlexKit.framework */; };
		48552B71247D26C500CFC029 /* ResponseTests.swift in Sources */ = {isa = PBXBuildFile; fileRef = 48552B70247D26C500CFC029 /* ResponseTests.swift */; };
		48552B73247D26C500CFC029 /* PlexKit.h in Headers */ = {isa = PBXBuildFile; fileRef = 48552B65247D26C500CFC029 /* PlexKit.h */; settings = {ATTRIBUTES = (Public, ); }; };
		48552B9C247D2D9400CFC029 /* Plex.swift in Sources */ = {isa = PBXBuildFile; fileRef = 48552B9B247D2D9400CFC029 /* Plex.swift */; };
		48552BA6247D305600CFC029 /* Libraries.swift in Sources */ = {isa = PBXBuildFile; fileRef = 48552BA5247D305600CFC029 /* Libraries.swift */; };
		4860DBB4247D480400D4B7C1 /* tracks.json in Resources */ = {isa = PBXBuildFile; fileRef = 4860DB99247D480400D4B7C1 /* tracks.json */; };
		4860DBB5247D480400D4B7C1 /* collections.json in Resources */ = {isa = PBXBuildFile; fileRef = 4860DB9A247D480400D4B7C1 /* collections.json */; };
		4860DBB8247D480400D4B7C1 /* related.json in Resources */ = {isa = PBXBuildFile; fileRef = 4860DB9D247D480400D4B7C1 /* related.json */; };
		4860DBB9247D480400D4B7C1 /* playlist.json in Resources */ = {isa = PBXBuildFile; fileRef = 4860DB9E247D480400D4B7C1 /* playlist.json */; };
		4860DBBC247D480400D4B7C1 /* albums.json in Resources */ = {isa = PBXBuildFile; fileRef = 4860DBA1247D480400D4B7C1 /* albums.json */; };
		4860DBBD247D480400D4B7C1 /* item_metadata.json in Resources */ = {isa = PBXBuildFile; fileRef = 4860DBA2247D480400D4B7C1 /* item_metadata.json */; };
		4860DBBE247D480400D4B7C1 /* artists.json in Resources */ = {isa = PBXBuildFile; fileRef = 4860DBA3247D480400D4B7C1 /* artists.json */; };
		4860DBBF247D480400D4B7C1 /* simple_authentication.json in Resources */ = {isa = PBXBuildFile; fileRef = 4860DBA4247D480400D4B7C1 /* simple_authentication.json */; };
		4860DBC1247D480400D4B7C1 /* identity.json in Resources */ = {isa = PBXBuildFile; fileRef = 4860DBA6247D480400D4B7C1 /* identity.json */; };
		4860DBC2247D480400D4B7C1 /* playlists.json in Resources */ = {isa = PBXBuildFile; fileRef = 4860DBA7247D480400D4B7C1 /* playlists.json */; };
		4860DBC3247D480400D4B7C1 /* track_with_progress.json in Resources */ = {isa = PBXBuildFile; fileRef = 4860DBA8247D480400D4B7C1 /* track_with_progress.json */; };
		4860DBC4247D480400D4B7C1 /* libraries.json in Resources */ = {isa = PBXBuildFile; fileRef = 4860DBA9247D480400D4B7C1 /* libraries.json */; };
		4860DBC5247D480400D4B7C1 /* switch_user.json in Resources */ = {isa = PBXBuildFile; fileRef = 4860DBAA247D480400D4B7C1 /* switch_user.json */; };
		4860DBCF247D6B7F00D4B7C1 /* PlexMediaType.swift in Sources */ = {isa = PBXBuildFile; fileRef = 4860DBCE247D6B7F00D4B7C1 /* PlexMediaType.swift */; };
		E27A7225F5A81497C0D148C4 /* LibraryItems.swift in Sources */ = {isa = PBXBuildFile; fileRef = E27A7EF1960D7BB8821A8678 /* LibraryItems.swift */; };
		E27A7CD781A51D0D048857E7 /* Identity.swift in Sources */ = {isa = PBXBuildFile; fileRef = E27A77A83492448E53873960 /* Identity.swift */; };
/* End PBXBuildFile section */

/* Begin PBXContainerItemProxy section */
		48552B6D247D26C500CFC029 /* PBXContainerItemProxy */ = {
			isa = PBXContainerItemProxy;
			containerPortal = 48552B59247D26C500CFC029 /* Project object */;
			proxyType = 1;
			remoteGlobalIDString = 48552B61247D26C500CFC029;
			remoteInfo = PlexKit;
		};
/* End PBXContainerItemProxy section */

/* Begin PBXFileReference section */
		480638942482954B006F7F00 /* URLExtensions.swift */ = {isa = PBXFileReference; lastKnownFileType = sourcecode.swift; path = URLExtensions.swift; sourceTree = "<group>"; };
		480638982482A145006F7F00 /* RequestTests.swift */ = {isa = PBXFileReference; lastKnownFileType = sourcecode.swift; path = RequestTests.swift; sourceTree = "<group>"; };
		4806389A2482AB63006F7F00 /* Pins.swift */ = {isa = PBXFileReference; lastKnownFileType = sourcecode.swift; path = Pins.swift; sourceTree = "<group>"; };
		4806389E2482B222006F7F00 /* pin.json */ = {isa = PBXFileReference; fileEncoding = 4; lastKnownFileType = text.json; path = pin.json; sourceTree = "<group>"; };
		4806389F2482B222006F7F00 /* pin_no_id.json */ = {isa = PBXFileReference; fileEncoding = 4; lastKnownFileType = text.json; path = pin_no_id.json; sourceTree = "<group>"; };
		480638A22482B394006F7F00 /* Account.swift */ = {isa = PBXFileReference; lastKnownFileType = sourcecode.swift; path = Account.swift; sourceTree = "<group>"; };
		480638A42482B547006F7F00 /* PlexUser.swift */ = {isa = PBXFileReference; lastKnownFileType = sourcecode.swift; path = PlexUser.swift; sourceTree = "<group>"; };
		480638A62482B642006F7F00 /* HomeUsers.swift */ = {isa = PBXFileReference; lastKnownFileType = sourcecode.swift; path = HomeUsers.swift; sourceTree = "<group>"; };
		480638A82482B780006F7F00 /* home_users.json */ = {isa = PBXFileReference; lastKnownFileType = text.json; path = home_users.json; sourceTree = "<group>"; };
		480638AC2482BA8E006F7F00 /* PlexResource.swift */ = {isa = PBXFileReference; lastKnownFileType = sourcecode.swift; path = PlexResource.swift; sourceTree = "<group>"; };
		480638AE2482BAD8006F7F00 /* PlexMediaItem.swift */ = {isa = PBXFileReference; lastKnownFileType = sourcecode.swift; path = PlexMediaItem.swift; sourceTree = "<group>"; };
		480638B02482BB95006F7F00 /* SwitchUser.swift */ = {isa = PBXFileReference; lastKnownFileType = sourcecode.swift; path = SwitchUser.swift; sourceTree = "<group>"; };
		480638B22482C160006F7F00 /* PlexLibrary.swift */ = {isa = PBXFileReference; lastKnownFileType = sourcecode.swift; path = PlexLibrary.swift; sourceTree = "<group>"; };
		480638B42482C25B006F7F00 /* RelatedMedia.swift */ = {isa = PBXFileReference; lastKnownFileType = sourcecode.swift; path = RelatedMedia.swift; sourceTree = "<group>"; };
		480638B62482C3C0006F7F00 /* similar_artists.json */ = {isa = PBXFileReference; lastKnownFileType = text.json; path = similar_artists.json; sourceTree = "<group>"; };
		480638B82482C6C3006F7F00 /* Image.swift */ = {isa = PBXFileReference; lastKnownFileType = sourcecode.swift; path = Image.swift; sourceTree = "<group>"; };
		480638BA2482C7CB006F7F00 /* TranscodeImage.swift */ = {isa = PBXFileReference; lastKnownFileType = sourcecode.swift; path = TranscodeImage.swift; sourceTree = "<group>"; };
		480638BC24835E7F006F7F00 /* MediaFile.swift */ = {isa = PBXFileReference; lastKnownFileType = sourcecode.swift; path = MediaFile.swift; sourceTree = "<group>"; };
		480638BE24836131006F7F00 /* movie.json */ = {isa = PBXFileReference; lastKnownFileType = text.json; path = movie.json; sourceTree = "<group>"; };
		480638C0248369FD006F7F00 /* season.json */ = {isa = PBXFileReference; lastKnownFileType = text.json; path = season.json; sourceTree = "<group>"; };
		480638C224836B60006F7F00 /* show.json */ = {isa = PBXFileReference; lastKnownFileType = text.json; path = show.json; sourceTree = "<group>"; };
		480638C424836D5D006F7F00 /* episode.json */ = {isa = PBXFileReference; lastKnownFileType = text.json; path = episode.json; sourceTree = "<group>"; };
		480638C824836F59006F7F00 /* EditRating.swift */ = {isa = PBXFileReference; lastKnownFileType = sourcecode.swift; path = EditRating.swift; sourceTree = "<group>"; };
		480638CD248379DE006F7F00 /* ComparableExtensions.swift */ = {isa = PBXFileReference; lastKnownFileType = sourcecode.swift; path = ComparableExtensions.swift; sourceTree = "<group>"; };
		480638CF24837CA4006F7F00 /* Timeline.swift */ = {isa = PBXFileReference; lastKnownFileType = sourcecode.swift; path = Timeline.swift; sourceTree = "<group>"; };
		480638D12483850F006F7F00 /* TranscodeAudio.swift */ = {isa = PBXFileReference; lastKnownFileType = sourcecode.swift; path = TranscodeAudio.swift; sourceTree = "<group>"; };
		4820CCA024852DFF00E2083A /* Playlists.swift */ = {isa = PBXFileReference; lastKnownFileType = sourcecode.swift; path = Playlists.swift; sourceTree = "<group>"; };
		4820CCA22485306700E2083A /* PlexPlaylistType.swift */ = {isa = PBXFileReference; lastKnownFileType = sourcecode.swift; path = PlexPlaylistType.swift; sourceTree = "<group>"; };
		4820CCA4248539C300E2083A /* PlaylistItems.swift */ = {isa = PBXFileReference; lastKnownFileType = sourcecode.swift; path = PlaylistItems.swift; sourceTree = "<group>"; };
		4820CCA624853DFE00E2083A /* PlexRequest.swift */ = {isa = PBXFileReference; fileEncoding = 4; lastKnownFileType = sourcecode.swift; path = PlexRequest.swift; sourceTree = "<group>"; };
		4820CCA824853E7D00E2083A /* Collections.swift */ = {isa = PBXFileReference; lastKnownFileType = sourcecode.swift; path = Collections.swift; sourceTree = "<group>"; };
		4820CCAA24853FDA00E2083A /* PlexCollection.swift */ = {isa = PBXFileReference; lastKnownFileType = sourcecode.swift; path = PlexCollection.swift; sourceTree = "<group>"; };
		4820CCAC2485422600E2083A /* ItemMetadata.swift */ = {isa = PBXFileReference; lastKnownFileType = sourcecode.swift; path = ItemMetadata.swift; sourceTree = "<group>"; };
		4854D17E2481391000132EEF /* Util.swift */ = {isa = PBXFileReference; lastKnownFileType = sourcecode.swift; path = Util.swift; sourceTree = "<group>"; };
		4854D18024813A0C00132EEF /* library.json */ = {isa = PBXFileReference; lastKnownFileType = text.json; path = library.json; sourceTree = "<group>"; };
		4854D1832481465800132EEF /* Resources.swift */ = {isa = PBXFileReference; lastKnownFileType = sourcecode.swift; path = Resources.swift; sourceTree = "<group>"; };
		4854D186248148A000132EEF /* URLQueryItemExtensions.swift */ = {isa = PBXFileReference; lastKnownFileType = sourcecode.swift; path = URLQueryItemExtensions.swift; sourceTree = "<group>"; };
		4854D18824814CA700132EEF /* resources.json */ = {isa = PBXFileReference; lastKnownFileType = text.json; path = resources.json; sourceTree = "<group>"; };
		4854D18A24815BA800132EEF /* SimpleAuthentication.swift */ = {isa = PBXFileReference; lastKnownFileType = sourcecode.swift; path = SimpleAuthentication.swift; sourceTree = "<group>"; };
		4854D18C24815FDE00132EEF /* ServiceTests.swift */ = {isa = PBXFileReference; lastKnownFileType = sourcecode.swift; path = ServiceTests.swift; sourceTree = "<group>"; };
		48552B62247D26C500CFC029 /* PlexKit.framework */ = {isa = PBXFileReference; explicitFileType = wrapper.framework; includeInIndex = 0; path = PlexKit.framework; sourceTree = BUILT_PRODUCTS_DIR; };
		48552B65247D26C500CFC029 /* PlexKit.h */ = {isa = PBXFileReference; lastKnownFileType = sourcecode.c.h; path = PlexKit.h; sourceTree = "<group>"; };
		48552B66247D26C500CFC029 /* Info.plist */ = {isa = PBXFileReference; lastKnownFileType = text.plist.xml; path = Info.plist; sourceTree = "<group>"; };
		48552B6B247D26C500CFC029 /* PlexKitTests.xctest */ = {isa = PBXFileReference; explicitFileType = wrapper.cfbundle; includeInIndex = 0; path = PlexKitTests.xctest; sourceTree = BUILT_PRODUCTS_DIR; };
		48552B70247D26C500CFC029 /* ResponseTests.swift */ = {isa = PBXFileReference; lastKnownFileType = sourcecode.swift; path = ResponseTests.swift; sourceTree = "<group>"; };
		48552B72247D26C500CFC029 /* Info.plist */ = {isa = PBXFileReference; lastKnownFileType = text.plist.xml; path = Info.plist; sourceTree = "<group>"; };
		48552B9B247D2D9400CFC029 /* Plex.swift */ = {isa = PBXFileReference; lastKnownFileType = sourcecode.swift; path = Plex.swift; sourceTree = "<group>"; };
		48552BA5247D305600CFC029 /* Libraries.swift */ = {isa = PBXFileReference; lastKnownFileType = sourcecode.swift; path = Libraries.swift; sourceTree = "<group>"; };
		4860DB99247D480400D4B7C1 /* tracks.json */ = {isa = PBXFileReference; fileEncoding = 4; lastKnownFileType = text.json; path = tracks.json; sourceTree = "<group>"; };
		4860DB9A247D480400D4B7C1 /* collections.json */ = {isa = PBXFileReference; fileEncoding = 4; lastKnownFileType = text.json; path = collections.json; sourceTree = "<group>"; };
		4860DB9D247D480400D4B7C1 /* related.json */ = {isa = PBXFileReference; fileEncoding = 4; lastKnownFileType = text.json; path = related.json; sourceTree = "<group>"; };
		4860DB9E247D480400D4B7C1 /* playlist.json */ = {isa = PBXFileReference; fileEncoding = 4; lastKnownFileType = text.json; path = playlist.json; sourceTree = "<group>"; };
		4860DBA1247D480400D4B7C1 /* albums.json */ = {isa = PBXFileReference; fileEncoding = 4; lastKnownFileType = text.json; path = albums.json; sourceTree = "<group>"; };
		4860DBA2247D480400D4B7C1 /* item_metadata.json */ = {isa = PBXFileReference; fileEncoding = 4; lastKnownFileType = text.json; path = item_metadata.json; sourceTree = "<group>"; };
		4860DBA3247D480400D4B7C1 /* artists.json */ = {isa = PBXFileReference; fileEncoding = 4; lastKnownFileType = text.json; path = artists.json; sourceTree = "<group>"; };
		4860DBA4247D480400D4B7C1 /* simple_authentication.json */ = {isa = PBXFileReference; fileEncoding = 4; lastKnownFileType = text.json; path = simple_authentication.json; sourceTree = "<group>"; };
		4860DBA6247D480400D4B7C1 /* identity.json */ = {isa = PBXFileReference; fileEncoding = 4; lastKnownFileType = text.json; path = identity.json; sourceTree = "<group>"; };
		4860DBA7247D480400D4B7C1 /* playlists.json */ = {isa = PBXFileReference; fileEncoding = 4; lastKnownFileType = text.json; path = playlists.json; sourceTree = "<group>"; };
		4860DBA8247D480400D4B7C1 /* track_with_progress.json */ = {isa = PBXFileReference; fileEncoding = 4; lastKnownFileType = text.json; path = track_with_progress.json; sourceTree = "<group>"; };
		4860DBA9247D480400D4B7C1 /* libraries.json */ = {isa = PBXFileReference; fileEncoding = 4; lastKnownFileType = text.json; path = libraries.json; sourceTree = "<group>"; };
		4860DBAA247D480400D4B7C1 /* switch_user.json */ = {isa = PBXFileReference; fileEncoding = 4; lastKnownFileType = text.json; path = switch_user.json; sourceTree = "<group>"; };
		4860DBCE247D6B7F00D4B7C1 /* PlexMediaType.swift */ = {isa = PBXFileReference; lastKnownFileType = sourcecode.swift; path = PlexMediaType.swift; sourceTree = "<group>"; };
		E27A77A83492448E53873960 /* Identity.swift */ = {isa = PBXFileReference; fileEncoding = 4; lastKnownFileType = sourcecode.swift; path = Identity.swift; sourceTree = "<group>"; };
		E27A7EF1960D7BB8821A8678 /* LibraryItems.swift */ = {isa = PBXFileReference; fileEncoding = 4; lastKnownFileType = sourcecode.swift; path = LibraryItems.swift; sourceTree = "<group>"; };
/* End PBXFileReference section */

/* Begin PBXFrameworksBuildPhase section */
		48552B5F247D26C500CFC029 /* Frameworks */ = {
			isa = PBXFrameworksBuildPhase;
			buildActionMask = 2147483647;
			files = (
			);
			runOnlyForDeploymentPostprocessing = 0;
		};
		48552B68247D26C500CFC029 /* Frameworks */ = {
			isa = PBXFrameworksBuildPhase;
			buildActionMask = 2147483647;
			files = (
				48552B6C247D26C500CFC029 /* PlexKit.framework in Frameworks */,
			);
			runOnlyForDeploymentPostprocessing = 0;
		};
/* End PBXFrameworksBuildPhase section */

/* Begin PBXGroup section */
		4854D18224813C7200132EEF /* Service */ = {
			isa = PBXGroup;
			children = (
				480638A22482B394006F7F00 /* Account.swift */,
				480638A62482B642006F7F00 /* HomeUsers.swift */,
				4806389A2482AB63006F7F00 /* Pins.swift */,
				4854D1832481465800132EEF /* Resources.swift */,
				4854D18A24815BA800132EEF /* SimpleAuthentication.swift */,
				480638B02482BB95006F7F00 /* SwitchUser.swift */,
			);
			path = Service;
			sourceTree = "<group>";
		};
		4854D1852481489200132EEF /* Extensions */ = {
			isa = PBXGroup;
			children = (
				480638CD248379DE006F7F00 /* ComparableExtensions.swift */,
				480638942482954B006F7F00 /* URLExtensions.swift */,
				4854D186248148A000132EEF /* URLQueryItemExtensions.swift */,
			);
			path = Extensions;
			sourceTree = "<group>";
		};
		48552B58247D26C500CFC029 = {
			isa = PBXGroup;
			children = (
				48552B64247D26C500CFC029 /* PlexKit */,
				48552B6F247D26C500CFC029 /* PlexKitTests */,
				48552B63247D26C500CFC029 /* Products */,
			);
			sourceTree = "<group>";
		};
		48552B63247D26C500CFC029 /* Products */ = {
			isa = PBXGroup;
			children = (
				48552B62247D26C500CFC029 /* PlexKit.framework */,
				48552B6B247D26C500CFC029 /* PlexKitTests.xctest */,
			);
			name = Products;
			sourceTree = "<group>";
		};
		48552B64247D26C500CFC029 /* PlexKit */ = {
			isa = PBXGroup;
			children = (
				4854D1852481489200132EEF /* Extensions */,
				48552BA4247D304200CFC029 /* Requests */,
				48552B8E247D2BE600CFC029 /* Models */,
				48552B65247D26C500CFC029 /* PlexKit.h */,
				48552B66247D26C500CFC029 /* Info.plist */,
				48552B9B247D2D9400CFC029 /* Plex.swift */,
			);
			path = PlexKit;
			sourceTree = "<group>";
		};
		48552B6F247D26C500CFC029 /* PlexKitTests */ = {
			isa = PBXGroup;
			children = (
				4860DB97247D47CA00D4B7C1 /* Resources */,
				480638982482A145006F7F00 /* RequestTests.swift */,
				48552B70247D26C500CFC029 /* ResponseTests.swift */,
				4854D18C24815FDE00132EEF /* ServiceTests.swift */,
				48552B72247D26C500CFC029 /* Info.plist */,
				4854D17E2481391000132EEF /* Util.swift */,
			);
			path = PlexKitTests;
			sourceTree = "<group>";
		};
		48552B8E247D2BE600CFC029 /* Models */ = {
			isa = PBXGroup;
			children = (
				4820CCAA24853FDA00E2083A /* PlexCollection.swift */,
				480638B22482C160006F7F00 /* PlexLibrary.swift */,
				480638AE2482BAD8006F7F00 /* PlexMediaItem.swift */,
				4860DBCE247D6B7F00D4B7C1 /* PlexMediaType.swift */,
				4820CCA22485306700E2083A /* PlexPlaylistType.swift */,
				480638AC2482BA8E006F7F00 /* PlexResource.swift */,
				480638A42482B547006F7F00 /* PlexUser.swift */,
			);
			path = Models;
			sourceTree = "<group>";
		};
		48552BA4247D304200CFC029 /* Requests */ = {
			isa = PBXGroup;
			children = (
				4820CCA624853DFE00E2083A /* PlexRequest.swift */,
				4854D18224813C7200132EEF /* Service */,
				E27A7EB8ABDAB862AE3D328D /* Resource */,
			);
			path = Requests;
			sourceTree = "<group>";
		};
		4860DB97247D47CA00D4B7C1 /* Resources */ = {
			isa = PBXGroup;
			children = (
				4860DB98247D480400D4B7C1 /* json */,
			);
			path = Resources;
			sourceTree = "<group>";
		};
		4860DB98247D480400D4B7C1 /* json */ = {
			isa = PBXGroup;
			children = (
				4860DBA4247D480400D4B7C1 /* simple_authentication.json */,
				4860DBA1247D480400D4B7C1 /* albums.json */,
				4860DBA3247D480400D4B7C1 /* artists.json */,
				4860DB9A247D480400D4B7C1 /* collections.json */,
				4860DBA6247D480400D4B7C1 /* identity.json */,
				4860DBA9247D480400D4B7C1 /* libraries.json */,
				4860DBA2247D480400D4B7C1 /* item_metadata.json */,
				4860DB9E247D480400D4B7C1 /* playlist.json */,
				4860DBA7247D480400D4B7C1 /* playlists.json */,
				4860DB9D247D480400D4B7C1 /* related.json */,
				4860DBAA247D480400D4B7C1 /* switch_user.json */,
				4860DBA8247D480400D4B7C1 /* track_with_progress.json */,
				4860DB99247D480400D4B7C1 /* tracks.json */,
				4854D18024813A0C00132EEF /* library.json */,
				4854D18824814CA700132EEF /* resources.json */,
				4806389F2482B222006F7F00 /* pin_no_id.json */,
				4806389E2482B222006F7F00 /* pin.json */,
				480638A82482B780006F7F00 /* home_users.json */,
				480638B62482C3C0006F7F00 /* similar_artists.json */,
				480638BE24836131006F7F00 /* movie.json */,
				480638C0248369FD006F7F00 /* season.json */,
				480638C224836B60006F7F00 /* show.json */,
				480638C424836D5D006F7F00 /* episode.json */,
			);
			path = json;
			sourceTree = "<group>";
		};
		E27A7EB8ABDAB862AE3D328D /* Resource */ = {
			isa = PBXGroup;
			children = (
				4820CCA824853E7D00E2083A /* Collections.swift */,
				480638C824836F59006F7F00 /* EditRating.swift */,
				E27A77A83492448E53873960 /* Identity.swift */,
				480638B82482C6C3006F7F00 /* Image.swift */,
				48552BA5247D305600CFC029 /* Libraries.swift */,
				E27A7EF1960D7BB8821A8678 /* LibraryItems.swift */,
				480638BC24835E7F006F7F00 /* MediaFile.swift */,
				4820CCA4248539C300E2083A /* PlaylistItems.swift */,
				4820CCA024852DFF00E2083A /* Playlists.swift */,
				480638B42482C25B006F7F00 /* RelatedMedia.swift */,
				480638CF24837CA4006F7F00 /* Timeline.swift */,
				480638D12483850F006F7F00 /* TranscodeAudio.swift */,
				480638BA2482C7CB006F7F00 /* TranscodeImage.swift */,
				4820CCAC2485422600E2083A /* ItemMetadata.swift */,
			);
			path = Resource;
			sourceTree = "<group>";
		};
/* End PBXGroup section */

/* Begin PBXHeadersBuildPhase section */
		48552B5D247D26C500CFC029 /* Headers */ = {
			isa = PBXHeadersBuildPhase;
			buildActionMask = 2147483647;
			files = (
				48552B73247D26C500CFC029 /* PlexKit.h in Headers */,
			);
			runOnlyForDeploymentPostprocessing = 0;
		};
/* End PBXHeadersBuildPhase section */

/* Begin PBXNativeTarget section */
		48552B61247D26C500CFC029 /* PlexKit */ = {
			isa = PBXNativeTarget;
			buildConfigurationList = 48552B76247D26C500CFC029 /* Build configuration list for PBXNativeTarget "PlexKit" */;
			buildPhases = (
				48552B5D247D26C500CFC029 /* Headers */,
				48552B5E247D26C500CFC029 /* Sources */,
				48552B5F247D26C500CFC029 /* Frameworks */,
				48552B60247D26C500CFC029 /* Resources */,
				4830D9B22486877D0055E7F8 /* Swiftlint */,
			);
			buildRules = (
			);
			dependencies = (
			);
			name = PlexKit;
			productName = PlexKit;
			productReference = 48552B62247D26C500CFC029 /* PlexKit.framework */;
			productType = "com.apple.product-type.framework";
		};
		48552B6A247D26C500CFC029 /* PlexKitTests */ = {
			isa = PBXNativeTarget;
			buildConfigurationList = 48552B79247D26C500CFC029 /* Build configuration list for PBXNativeTarget "PlexKitTests" */;
			buildPhases = (
				48552B67247D26C500CFC029 /* Sources */,
				48552B68247D26C500CFC029 /* Frameworks */,
				48552B69247D26C500CFC029 /* Resources */,
			);
			buildRules = (
			);
			dependencies = (
				48552B6E247D26C500CFC029 /* PBXTargetDependency */,
			);
			name = PlexKitTests;
			productName = PlexKitTests;
			productReference = 48552B6B247D26C500CFC029 /* PlexKitTests.xctest */;
			productType = "com.apple.product-type.bundle.unit-test";
		};
/* End PBXNativeTarget section */

/* Begin PBXProject section */
		48552B59247D26C500CFC029 /* Project object */ = {
			isa = PBXProject;
			attributes = {
				LastSwiftUpdateCheck = 1150;
				LastUpgradeCheck = 1150;
				ORGANIZATIONNAME = "Lachlan Charlick";
				TargetAttributes = {
					48552B61247D26C500CFC029 = {
						CreatedOnToolsVersion = 11.5;
						LastSwiftMigration = 1150;
					};
					48552B6A247D26C500CFC029 = {
						CreatedOnToolsVersion = 11.5;
					};
				};
			};
			buildConfigurationList = 48552B5C247D26C500CFC029 /* Build configuration list for PBXProject "PlexKit" */;
			compatibilityVersion = "Xcode 9.3";
			developmentRegion = en;
			hasScannedForEncodings = 0;
			knownRegions = (
				en,
				Base,
			);
			mainGroup = 48552B58247D26C500CFC029;
			productRefGroup = 48552B63247D26C500CFC029 /* Products */;
			projectDirPath = "";
			projectRoot = "";
			targets = (
				48552B61247D26C500CFC029 /* PlexKit */,
				48552B6A247D26C500CFC029 /* PlexKitTests */,
			);
		};
/* End PBXProject section */

/* Begin PBXResourcesBuildPhase section */
		48552B60247D26C500CFC029 /* Resources */ = {
			isa = PBXResourcesBuildPhase;
			buildActionMask = 2147483647;
			files = (
			);
			runOnlyForDeploymentPostprocessing = 0;
		};
		48552B69247D26C500CFC029 /* Resources */ = {
			isa = PBXResourcesBuildPhase;
			buildActionMask = 2147483647;
			files = (
				480638A12482B222006F7F00 /* pin_no_id.json in Resources */,
				4854D18124813A0C00132EEF /* library.json in Resources */,
				4860DBBF247D480400D4B7C1 /* simple_authentication.json in Resources */,
				480638BF24836131006F7F00 /* movie.json in Resources */,
				4860DBBD247D480400D4B7C1 /* item_metadata.json in Resources */,
				4860DBC3247D480400D4B7C1 /* track_with_progress.json in Resources */,
				4860DBB8247D480400D4B7C1 /* related.json in Resources */,
				4860DBC5247D480400D4B7C1 /* switch_user.json in Resources */,
				4860DBBE247D480400D4B7C1 /* artists.json in Resources */,
				480638C324836B60006F7F00 /* show.json in Resources */,
				480638A92482B780006F7F00 /* home_users.json in Resources */,
				480638A02482B222006F7F00 /* pin.json in Resources */,
				480638C1248369FD006F7F00 /* season.json in Resources */,
				480638B72482C3C0006F7F00 /* similar_artists.json in Resources */,
				4860DBC1247D480400D4B7C1 /* identity.json in Resources */,
				4854D18924814CA700132EEF /* resources.json in Resources */,
				4860DBC4247D480400D4B7C1 /* libraries.json in Resources */,
				4860DBB4247D480400D4B7C1 /* tracks.json in Resources */,
				4860DBB5247D480400D4B7C1 /* collections.json in Resources */,
				4860DBBC247D480400D4B7C1 /* albums.json in Resources */,
				4860DBB9247D480400D4B7C1 /* playlist.json in Resources */,
				480638C524836D5D006F7F00 /* episode.json in Resources */,
				4860DBC2247D480400D4B7C1 /* playlists.json in Resources */,
			);
			runOnlyForDeploymentPostprocessing = 0;
		};
/* End PBXResourcesBuildPhase section */

/* Begin PBXShellScriptBuildPhase section */
		4830D9B22486877D0055E7F8 /* Swiftlint */ = {
			isa = PBXShellScriptBuildPhase;
			buildActionMask = 2147483647;
			files = (
			);
			inputFileListPaths = (
			);
			inputPaths = (
			);
			name = Swiftlint;
			outputFileListPaths = (
			);
			outputPaths = (
			);
			runOnlyForDeploymentPostprocessing = 0;
			shellPath = /bin/sh;
			shellScript = "if which swiftlint >/dev/null; then\n  swiftlint\nelse\n  echo \"warning: SwiftLint not installed, download from https://github.com/realm/SwiftLint\"\nfi\n";
		};
/* End PBXShellScriptBuildPhase section */

/* Begin PBXSourcesBuildPhase section */
		48552B5E247D26C500CFC029 /* Sources */ = {
			isa = PBXSourcesBuildPhase;
			buildActionMask = 2147483647;
			files = (
				480638D024837CA4006F7F00 /* Timeline.swift in Sources */,
				480638A52482B547006F7F00 /* PlexUser.swift in Sources */,
				480638AD2482BA8E006F7F00 /* PlexResource.swift in Sources */,
				48552BA6247D305600CFC029 /* Libraries.swift in Sources */,
				48552B9C247D2D9400CFC029 /* Plex.swift in Sources */,
				4820CCA124852DFF00E2083A /* Playlists.swift in Sources */,
				480638B12482BB95006F7F00 /* SwitchUser.swift in Sources */,
				480638C924836F59006F7F00 /* EditRating.swift in Sources */,
				480638B32482C160006F7F00 /* PlexLibrary.swift in Sources */,
				4820CCA924853E7D00E2083A /* Collections.swift in Sources */,
				4854D1842481465800132EEF /* Resources.swift in Sources */,
				4854D187248148A000132EEF /* URLQueryItemExtensions.swift in Sources */,
				4820CCAB24853FDA00E2083A /* PlexCollection.swift in Sources */,
				4820CCA5248539C300E2083A /* PlaylistItems.swift in Sources */,
				480638B92482C6C3006F7F00 /* Image.swift in Sources */,
				480638BD24835E7F006F7F00 /* MediaFile.swift in Sources */,
				480638A32482B394006F7F00 /* Account.swift in Sources */,
				480638BB2482C7CB006F7F00 /* TranscodeImage.swift in Sources */,
				4806389B2482AB63006F7F00 /* Pins.swift in Sources */,
				4860DBCF247D6B7F00D4B7C1 /* PlexMediaType.swift in Sources */,
				4854D18B24815BA800132EEF /* SimpleAuthentication.swift in Sources */,
				480638952482954B006F7F00 /* URLExtensions.swift in Sources */,
				E27A7CD781A51D0D048857E7 /* Identity.swift in Sources */,
				4820CCA724853DFE00E2083A /* PlexRequest.swift in Sources */,
				480638B52482C25B006F7F00 /* RelatedMedia.swift in Sources */,
				480638CE248379DE006F7F00 /* ComparableExtensions.swift in Sources */,
				480638D22483850F006F7F00 /* TranscodeAudio.swift in Sources */,
				E27A7225F5A81497C0D148C4 /* LibraryItems.swift in Sources */,
				4820CCA32485306700E2083A /* PlexPlaylistType.swift in Sources */,
				4820CCAD2485422600E2083A /* ItemMetadata.swift in Sources */,
				480638AF2482BAD8006F7F00 /* PlexMediaItem.swift in Sources */,
				480638A72482B642006F7F00 /* HomeUsers.swift in Sources */,
			);
			runOnlyForDeploymentPostprocessing = 0;
		};
		48552B67247D26C500CFC029 /* Sources */ = {
			isa = PBXSourcesBuildPhase;
			buildActionMask = 2147483647;
			files = (
				48552B71247D26C500CFC029 /* ResponseTests.swift in Sources */,
				4820CC9F2484F05D00E2083A /* ServiceTests.swift in Sources */,
				480638992482A145006F7F00 /* RequestTests.swift in Sources */,
				4854D17F2481391000132EEF /* Util.swift in Sources */,
			);
			runOnlyForDeploymentPostprocessing = 0;
		};
/* End PBXSourcesBuildPhase section */

/* Begin PBXTargetDependency section */
		48552B6E247D26C500CFC029 /* PBXTargetDependency */ = {
			isa = PBXTargetDependency;
			target = 48552B61247D26C500CFC029 /* PlexKit */;
			targetProxy = 48552B6D247D26C500CFC029 /* PBXContainerItemProxy */;
		};
/* End PBXTargetDependency section */

/* Begin XCBuildConfiguration section */
		48552B74247D26C500CFC029 /* Debug */ = {
			isa = XCBuildConfiguration;
			buildSettings = {
				ALWAYS_SEARCH_USER_PATHS = NO;
				CLANG_ANALYZER_NONNULL = YES;
				CLANG_ANALYZER_NUMBER_OBJECT_CONVERSION = YES_AGGRESSIVE;
				CLANG_CXX_LANGUAGE_STANDARD = "gnu++14";
				CLANG_CXX_LIBRARY = "libc++";
				CLANG_ENABLE_MODULES = YES;
				CLANG_ENABLE_OBJC_ARC = YES;
				CLANG_ENABLE_OBJC_WEAK = YES;
				CLANG_WARN_BLOCK_CAPTURE_AUTORELEASING = YES;
				CLANG_WARN_BOOL_CONVERSION = YES;
				CLANG_WARN_COMMA = YES;
				CLANG_WARN_CONSTANT_CONVERSION = YES;
				CLANG_WARN_DEPRECATED_OBJC_IMPLEMENTATIONS = YES;
				CLANG_WARN_DIRECT_OBJC_ISA_USAGE = YES_ERROR;
				CLANG_WARN_DOCUMENTATION_COMMENTS = YES;
				CLANG_WARN_EMPTY_BODY = YES;
				CLANG_WARN_ENUM_CONVERSION = YES;
				CLANG_WARN_INFINITE_RECURSION = YES;
				CLANG_WARN_INT_CONVERSION = YES;
				CLANG_WARN_NON_LITERAL_NULL_CONVERSION = YES;
				CLANG_WARN_OBJC_IMPLICIT_RETAIN_SELF = YES;
				CLANG_WARN_OBJC_LITERAL_CONVERSION = YES;
				CLANG_WARN_OBJC_ROOT_CLASS = YES_ERROR;
				CLANG_WARN_RANGE_LOOP_ANALYSIS = YES;
				CLANG_WARN_STRICT_PROTOTYPES = YES;
				CLANG_WARN_SUSPICIOUS_MOVE = YES;
				CLANG_WARN_UNGUARDED_AVAILABILITY = YES_AGGRESSIVE;
				CLANG_WARN_UNREACHABLE_CODE = YES;
				CLANG_WARN__DUPLICATE_METHOD_MATCH = YES;
				COPY_PHASE_STRIP = NO;
				CURRENT_PROJECT_VERSION = 1;
				DEBUG_INFORMATION_FORMAT = dwarf;
				ENABLE_STRICT_OBJC_MSGSEND = YES;
				ENABLE_TESTABILITY = YES;
				GCC_C_LANGUAGE_STANDARD = gnu11;
				GCC_DYNAMIC_NO_PIC = NO;
				GCC_NO_COMMON_BLOCKS = YES;
				GCC_OPTIMIZATION_LEVEL = 0;
				GCC_PREPROCESSOR_DEFINITIONS = (
					"DEBUG=1",
					"$(inherited)",
				);
				GCC_WARN_64_TO_32_BIT_CONVERSION = YES;
				GCC_WARN_ABOUT_RETURN_TYPE = YES_ERROR;
				GCC_WARN_UNDECLARED_SELECTOR = YES;
				GCC_WARN_UNINITIALIZED_AUTOS = YES_AGGRESSIVE;
				GCC_WARN_UNUSED_FUNCTION = YES;
				GCC_WARN_UNUSED_VARIABLE = YES;
				IPHONEOS_DEPLOYMENT_TARGET = 13.0;
				MTL_ENABLE_DEBUG_INFO = INCLUDE_SOURCE;
				MTL_FAST_MATH = YES;
				ONLY_ACTIVE_ARCH = YES;
				SDKROOT = macosx;
				SUPPORTED_PLATFORMS = "macosx iphoneos iphonesimulator";
				SWIFT_ACTIVE_COMPILATION_CONDITIONS = DEBUG;
				SWIFT_OPTIMIZATION_LEVEL = "-Onone";
				VALID_ARCHS = "i386 x86_64 arm64 armv7 armv7s";
				VERSIONING_SYSTEM = "apple-generic";
				VERSION_INFO_PREFIX = "";
			};
			name = Debug;
		};
		48552B75247D26C500CFC029 /* Release */ = {
			isa = XCBuildConfiguration;
			buildSettings = {
				ALWAYS_SEARCH_USER_PATHS = NO;
				CLANG_ANALYZER_NONNULL = YES;
				CLANG_ANALYZER_NUMBER_OBJECT_CONVERSION = YES_AGGRESSIVE;
				CLANG_CXX_LANGUAGE_STANDARD = "gnu++14";
				CLANG_CXX_LIBRARY = "libc++";
				CLANG_ENABLE_MODULES = YES;
				CLANG_ENABLE_OBJC_ARC = YES;
				CLANG_ENABLE_OBJC_WEAK = YES;
				CLANG_WARN_BLOCK_CAPTURE_AUTORELEASING = YES;
				CLANG_WARN_BOOL_CONVERSION = YES;
				CLANG_WARN_COMMA = YES;
				CLANG_WARN_CONSTANT_CONVERSION = YES;
				CLANG_WARN_DEPRECATED_OBJC_IMPLEMENTATIONS = YES;
				CLANG_WARN_DIRECT_OBJC_ISA_USAGE = YES_ERROR;
				CLANG_WARN_DOCUMENTATION_COMMENTS = YES;
				CLANG_WARN_EMPTY_BODY = YES;
				CLANG_WARN_ENUM_CONVERSION = YES;
				CLANG_WARN_INFINITE_RECURSION = YES;
				CLANG_WARN_INT_CONVERSION = YES;
				CLANG_WARN_NON_LITERAL_NULL_CONVERSION = YES;
				CLANG_WARN_OBJC_IMPLICIT_RETAIN_SELF = YES;
				CLANG_WARN_OBJC_LITERAL_CONVERSION = YES;
				CLANG_WARN_OBJC_ROOT_CLASS = YES_ERROR;
				CLANG_WARN_RANGE_LOOP_ANALYSIS = YES;
				CLANG_WARN_STRICT_PROTOTYPES = YES;
				CLANG_WARN_SUSPICIOUS_MOVE = YES;
				CLANG_WARN_UNGUARDED_AVAILABILITY = YES_AGGRESSIVE;
				CLANG_WARN_UNREACHABLE_CODE = YES;
				CLANG_WARN__DUPLICATE_METHOD_MATCH = YES;
				COPY_PHASE_STRIP = NO;
				CURRENT_PROJECT_VERSION = 1;
				DEBUG_INFORMATION_FORMAT = "dwarf-with-dsym";
				ENABLE_NS_ASSERTIONS = NO;
				ENABLE_STRICT_OBJC_MSGSEND = YES;
				GCC_C_LANGUAGE_STANDARD = gnu11;
				GCC_NO_COMMON_BLOCKS = YES;
				GCC_WARN_64_TO_32_BIT_CONVERSION = YES;
				GCC_WARN_ABOUT_RETURN_TYPE = YES_ERROR;
				GCC_WARN_UNDECLARED_SELECTOR = YES;
				GCC_WARN_UNINITIALIZED_AUTOS = YES_AGGRESSIVE;
				GCC_WARN_UNUSED_FUNCTION = YES;
				GCC_WARN_UNUSED_VARIABLE = YES;
				IPHONEOS_DEPLOYMENT_TARGET = 13.0;
				MTL_ENABLE_DEBUG_INFO = NO;
				MTL_FAST_MATH = YES;
				SDKROOT = macosx;
				SUPPORTED_PLATFORMS = "macosx iphoneos iphonesimulator";
				SWIFT_COMPILATION_MODE = wholemodule;
				SWIFT_OPTIMIZATION_LEVEL = "-O";
				VALIDATE_PRODUCT = YES;
				VALID_ARCHS = "i386 x86_64 arm64 armv7 armv7s";
				VERSIONING_SYSTEM = "apple-generic";
				VERSION_INFO_PREFIX = "";
			};
			name = Release;
		};
		48552B77247D26C500CFC029 /* Debug */ = {
			isa = XCBuildConfiguration;
			buildSettings = {
				CLANG_ENABLE_MODULES = YES;
				CODE_SIGN_IDENTITY = "";
				CODE_SIGN_STYLE = Automatic;
				DEFINES_MODULE = YES;
				DEVELOPMENT_TEAM = 33E63Z3P7B;
				DYLIB_COMPATIBILITY_VERSION = 1;
				DYLIB_CURRENT_VERSION = 1;
				DYLIB_INSTALL_NAME_BASE = "@rpath";
				INFOPLIST_FILE = PlexKit/Info.plist;
				INSTALL_PATH = "$(LOCAL_LIBRARY_DIR)/Frameworks";
				LD_RUNPATH_SEARCH_PATHS = (
					"$(inherited)",
					"@executable_path/Frameworks",
					"@loader_path/Frameworks",
				);
				PRODUCT_BUNDLE_IDENTIFIER = me.charlick.PlexKit;
				PRODUCT_NAME = "$(TARGET_NAME:c99extidentifier)";
				SKIP_INSTALL = YES;
				SWIFT_OPTIMIZATION_LEVEL = "-Onone";
				SWIFT_VERSION = 5.0;
				TARGETED_DEVICE_FAMILY = "1,2";
			};
			name = Debug;
		};
		48552B78247D26C500CFC029 /* Release */ = {
			isa = XCBuildConfiguration;
			buildSettings = {
				CLANG_ENABLE_MODULES = YES;
				CODE_SIGN_IDENTITY = "";
				CODE_SIGN_STYLE = Automatic;
				DEFINES_MODULE = YES;
				DEVELOPMENT_TEAM = 33E63Z3P7B;
				DYLIB_COMPATIBILITY_VERSION = 1;
				DYLIB_CURRENT_VERSION = 1;
				DYLIB_INSTALL_NAME_BASE = "@rpath";
				INFOPLIST_FILE = PlexKit/Info.plist;
				INSTALL_PATH = "$(LOCAL_LIBRARY_DIR)/Frameworks";
				LD_RUNPATH_SEARCH_PATHS = (
					"$(inherited)",
					"@executable_path/Frameworks",
					"@loader_path/Frameworks",
				);
				PRODUCT_BUNDLE_IDENTIFIER = me.charlick.PlexKit;
				PRODUCT_NAME = "$(TARGET_NAME:c99extidentifier)";
				SKIP_INSTALL = YES;
				SWIFT_VERSION = 5.0;
				TARGETED_DEVICE_FAMILY = "1,2";
			};
			name = Release;
		};
		48552B7A247D26C500CFC029 /* Debug */ = {
			isa = XCBuildConfiguration;
			buildSettings = {
				ALWAYS_EMBED_SWIFT_STANDARD_LIBRARIES = YES;
				CODE_SIGN_STYLE = Automatic;
				DEVELOPMENT_TEAM = 33E63Z3P7B;
				INFOPLIST_FILE = PlexKitTests/Info.plist;
				LD_RUNPATH_SEARCH_PATHS = (
					"$(inherited)",
					"@executable_path/Frameworks",
					"@loader_path/Frameworks",
				);
				PRODUCT_BUNDLE_IDENTIFIER = me.charlick.PlexKitTests;
				PRODUCT_NAME = "$(TARGET_NAME)";
				SWIFT_VERSION = 5.0;
				TARGETED_DEVICE_FAMILY = "1,2";
			};
			name = Debug;
		};
		48552B7B247D26C500CFC029 /* Release */ = {
			isa = XCBuildConfiguration;
			buildSettings = {
				ALWAYS_EMBED_SWIFT_STANDARD_LIBRARIES = YES;
				CODE_SIGN_STYLE = Automatic;
				DEVELOPMENT_TEAM = 33E63Z3P7B;
				INFOPLIST_FILE = PlexKitTests/Info.plist;
				LD_RUNPATH_SEARCH_PATHS = (
					"$(inherited)",
					"@executable_path/Frameworks",
					"@loader_path/Frameworks",
				);
				PRODUCT_BUNDLE_IDENTIFIER = me.charlick.PlexKitTests;
				PRODUCT_NAME = "$(TARGET_NAME)";
				SWIFT_VERSION = 5.0;
				TARGETED_DEVICE_FAMILY = "1,2";
			};
			name = Release;
		};
/* End XCBuildConfiguration section */

/* Begin XCConfigurationList section */
		48552B5C247D26C500CFC029 /* Build configuration list for PBXProject "PlexKit" */ = {
			isa = XCConfigurationList;
			buildConfigurations = (
				48552B74247D26C500CFC029 /* Debug */,
				48552B75247D26C500CFC029 /* Release */,
			);
			defaultConfigurationIsVisible = 0;
			defaultConfigurationName = Release;
		};
		48552B76247D26C500CFC029 /* Build configuration list for PBXNativeTarget "PlexKit" */ = {
			isa = XCConfigurationList;
			buildConfigurations = (
				48552B77247D26C500CFC029 /* Debug */,
				48552B78247D26C500CFC029 /* Release */,
			);
			defaultConfigurationIsVisible = 0;
			defaultConfigurationName = Release;
		};
		48552B79247D26C500CFC029 /* Build configuration list for PBXNativeTarget "PlexKitTests" */ = {
			isa = XCConfigurationList;
			buildConfigurations = (
				48552B7A247D26C500CFC029 /* Debug */,
				48552B7B247D26C500CFC029 /* Release */,
			);
			defaultConfigurationIsVisible = 0;
			defaultConfigurationName = Release;
		};
/* End XCConfigurationList section */
	};
	rootObject = 48552B59247D26C500CFC029 /* Project object */;
}
